<?xml version="1.0" encoding="utf-8"?>
<Project ToolsVersion="4.0" xmlns="http://schemas.microsoft.com/developer/msbuild/2003">
  <ItemGroup>
    <ClCompile Include="src\unofficial_extras\KeyBindsTranslation.cpp">
      <Filter>submodules\unofficial_extras</Filter>
    </ClCompile>
    <ClCompile Include="src\unofficial_extras\KeyBindHelper.cpp">
      <Filter>submodules\unofficial_extras</Filter>
    </ClCompile>
    <ClCompile Include="src\imgui\imgui.cpp">
      <Filter>submodules\imgui</Filter>
    </ClCompile>
    <ClCompile Include="src\imgui\imgui_demo.cpp">
      <Filter>submodules\imgui</Filter>
    </ClCompile>
    <ClCompile Include="src\imgui\imgui_draw.cpp">
      <Filter>submodules\imgui</Filter>
    </ClCompile>
    <ClCompile Include="src\imgui\imgui_tables.cpp">
      <Filter>submodules\imgui</Filter>
    </ClCompile>
    <ClCompile Include="src\imgui\imgui_widgets.cpp">
      <Filter>submodules\imgui</Filter>
    </ClCompile>
    <ClCompile Include="src\bosses.cpp">
      <Filter>src</Filter>
    </ClCompile>
    <ClCompile Include="src\entry.cpp">
      <Filter>src</Filter>
    </ClCompile>
    <ClCompile Include="src\gui.cpp">
      <Filter>src</Filter>
    </ClCompile>
    <ClCompile Include="src\proofs.cpp">
      <Filter>src</Filter>
    </ClCompile>
    <ClCompile Include="src\settings.cpp">
      <Filter>src</Filter>
    </ClCompile>
    <ClCompile Include="src\shared.cpp">
      <Filter>src</Filter>
    </ClCompile>
  </ItemGroup>
  <ItemGroup>
    <ClInclude Include="src\nexus\Nexus.h">
      <Filter>submodules</Filter>
    </ClInclude>
    <ClInclude Include="src\unofficial_extras\KeyBindStructs.h">
      <Filter>submodules\unofficial_extras</Filter>
    </ClInclude>
    <ClInclude Include="src\unofficial_extras\KeyBindsTranslation.h">
      <Filter>submodules\unofficial_extras</Filter>
    </ClInclude>
    <ClInclude Include="src\unofficial_extras\KeyBindHelper.h">
      <Filter>submodules\unofficial_extras</Filter>
    </ClInclude>
    <ClInclude Include="src\unofficial_extras\Definitions.h">
      <Filter>submodules\unofficial_extras</Filter>
    </ClInclude>
    <ClInclude Include="src\imgui\imconfig.h">
      <Filter>submodules\imgui</Filter>
    </ClInclude>
    <ClInclude Include="src\imgui\imgui.h">
      <Filter>submodules\imgui</Filter>
    </ClInclude>
    <ClInclude Include="src\imgui\imgui_internal.h">
      <Filter>submodules\imgui</Filter>
    </ClInclude>
    <ClInclude Include="src\imgui\imstb_rectpack.h">
      <Filter>submodules\imgui</Filter>
    </ClInclude>
    <ClInclude Include="src\imgui\imstb_textedit.h">
      <Filter>submodules\imgui</Filter>
    </ClInclude>
    <ClInclude Include="src\imgui\imstb_truetype.h">
      <Filter>submodules\imgui</Filter>
    </ClInclude>
    <ClInclude Include="src\json\single_include\nlohmann\json.hpp">
      <Filter>submodules\nlohmann</Filter>
    </ClInclude>
    <ClInclude Include="src\arcdps\arcdps.h">
      <Filter>submodules</Filter>
    </ClInclude>
    <ClInclude Include="src\bosses.h">
      <Filter>src</Filter>
    </ClInclude>
    <ClInclude Include="src\gui.h">
      <Filter>src</Filter>
    </ClInclude>
    <ClInclude Include="src\proofs.h">
      <Filter>src</Filter>
    </ClInclude>
    <ClInclude Include="src\settings.h">
      <Filter>src</Filter>
    </ClInclude>
    <ClInclude Include="src\shared.h">
      <Filter>src</Filter>
    </ClInclude>
    <ClInclude Include="src\resource.h">
      <Filter>src</Filter>
    </ClInclude>
    <ClInclude Include="src\version.h">
      <Filter>src</Filter>
    </ClInclude>
  </ItemGroup>
  <ItemGroup>
    <Filter Include="submodules">
      <UniqueIdentifier>{558a6c31-9cbd-4037-a869-d0a728a40350}</UniqueIdentifier>
    </Filter>
    <Filter Include="submodules\unofficial_extras">
      <UniqueIdentifier>{95dfa634-1dd2-44bb-9f9d-673b928b8bb9}</UniqueIdentifier>
    </Filter>
    <Filter Include="submodules\imgui">
      <UniqueIdentifier>{9c73d157-a8f0-467c-a51e-5cc964a1fc86}</UniqueIdentifier>
    </Filter>
    <Filter Include="submodules\nlohmann">
      <UniqueIdentifier>{50de2c13-cd6a-4935-a57a-6a9d88ca4f48}</UniqueIdentifier>
    </Filter>
    <Filter Include="resources">
      <UniqueIdentifier>{e1e02f10-4b68-482e-93dd-f65a77320d3a}</UniqueIdentifier>
    </Filter>
    <Filter Include="src">
      <UniqueIdentifier>{67fa7fbf-9ce4-4876-a8d5-87646b644545}</UniqueIdentifier>
    </Filter>
  </ItemGroup>
  <ItemGroup>
    <ResourceCompile Include="src\resource.rc">
      <Filter>src</Filter>
    </ResourceCompile>
  </ItemGroup>
  <ItemGroup>
    <Image Include="resources\Adina.png">
      <Filter>resources</Filter>
    </Image>
    <Image Include="resources\Bandit_Trio.png">
      <Filter>resources</Filter>
    </Image>
    <Image Include="resources\Broken_King.png">
      <Filter>resources</Filter>
    </Image>
    <Image Include="resources\Cairn.png">
      <Filter>resources</Filter>
    </Image>
    <Image Include="resources\Conjured_Amalgamate.png">
      <Filter>resources</Filter>
    </Image>
    <Image Include="resources\Deimos.png">
      <Filter>resources</Filter>
    </Image>
    <Image Include="resources\Dhuum.png">
      <Filter>resources</Filter>
    </Image>
    <Image Include="resources\Eater_Of_Souls.png">
      <Filter>resources</Filter>
    </Image>
    <Image Include="resources\Escort.png">
      <Filter>resources</Filter>
    </Image>
    <Image Include="resources\Eyes_Of_Fate.png">
      <Filter>resources</Filter>
    </Image>
    <Image Include="resources\Gorseval.png">
      <Filter>resources</Filter>
    </Image>
    <Image Include="resources\Keep_Construct.png">
      <Filter>resources</Filter>
    </Image>
    <Image Include="resources\Kenutt.png">
      <Filter>resources</Filter>
    </Image>
    <Image Include="resources\Log_Hover.png">
      <Filter>resources</Filter>
    </Image>
    <Image Include="resources\Log_Normal.png">
      <Filter>resources</Filter>
    </Image>
    <Image Include="resources\Matthias.png">
      <Filter>resources</Filter>
    </Image>
    <Image Include="resources\Mursaat_Overseer.png">
      <Filter>resources</Filter>
    </Image>
    <Image Include="resources\Nikare.png">
      <Filter>resources</Filter>
    </Image>
    <Image Include="resources\Qadim.png">
      <Filter>resources</Filter>
    </Image>
    <Image Include="resources\Qadim_The_Peerless.png">
      <Filter>resources</Filter>
    </Image>
    <Image Include="resources\River_Of_Souls.png">
      <Filter>resources</Filter>
    </Image>
    <Image Include="resources\Sabetha.png">
      <Filter>resources</Filter>
    </Image>
    <Image Include="resources\Sabir.png">
      <Filter>resources</Filter>
    </Image>
    <Image Include="resources\Samarog.png">
      <Filter>resources</Filter>
    </Image>
    <Image Include="resources\Slothasor.png">
      <Filter>resources</Filter>
    </Image>
    <Image Include="resources\Soulless_Horror.png">
      <Filter>resources</Filter>
    </Image>
    <Image Include="resources\Twisted_Castle.png">
      <Filter>resources</Filter>
    </Image>
    <Image Include="resources\Vale_Guardian.png">
      <Filter>resources</Filter>
    </Image>
    <Image Include="resources\Xera.png">
      <Filter>resources</Filter>
    </Image>
    <Image Include="src\resources\Adina.png">
      <Filter>resources</Filter>
    </Image>
    <Image Include="resources\Arkk.png">
      <Filter>resources</Filter>
    </Image>
    <Image Include="src\resources\Arkk.png">
      <Filter>resources</Filter>
    </Image>
    <Image Include="resources\Artsariiv.png">
      <Filter>resources</Filter>
    </Image>
    <Image Include="src\resources\Artsariiv.png">
      <Filter>resources</Filter>
    </Image>
    <Image Include="resources\Berg.png">
      <Filter>resources</Filter>
    </Image>
    <Image Include="src\resources\Berg.png">
      <Filter>resources</Filter>
    </Image>
    <Image Include="src\resources\Broken_King.png">
      <Filter>resources</Filter>
    </Image>
    <Image Include="src\resources\Cairn.png">
      <Filter>resources</Filter>
    </Image>
    <Image Include="src\resources\Conjured_Amalgamate.png">
      <Filter>resources</Filter>
    </Image>
    <Image Include="src\resources\Deimos.png">
      <Filter>resources</Filter>
    </Image>
    <Image Include="src\resources\Dhuum.png">
      <Filter>resources</Filter>
    </Image>
    <Image Include="src\resources\Eater_Of_Souls.png">
      <Filter>resources</Filter>
    </Image>
    <Image Include="resources\Elemental_Ai_Dark.png">
      <Filter>resources</Filter>
    </Image>
    <Image Include="src\resources\Elemental_Ai_Dark.png">
      <Filter>resources</Filter>
    </Image>
    <Image Include="resources\Elemental_Ai_Light.png">
      <Filter>resources</Filter>
    </Image>
    <Image Include="src\resources\Elemental_Ai_Light.png">
      <Filter>resources</Filter>
    </Image>
    <Image Include="resources\Elemental_Ai_Light_And_Dark.png">
      <Filter>resources</Filter>
    </Image>
    <Image Include="src\resources\Elemental_Ai_Light_And_Dark.png">
      <Filter>resources</Filter>
    </Image>
    <Image Include="resources\Ensolyss.png">
      <Filter>resources</Filter>
    </Image>
    <Image Include="src\resources\Ensolyss.png">
      <Filter>resources</Filter>
    </Image>
    <Image Include="src\resources\Escort.png">
      <Filter>resources</Filter>
    </Image>
    <Image Include="src\resources\Eyes_Of_Fate.png">
      <Filter>resources</Filter>
    </Image>
    <Image Include="src\resources\Gorseval.png">
      <Filter>resources</Filter>
    </Image>
    <Image Include="resources\Kanaxai.png">
      <Filter>resources</Filter>
    </Image>
    <Image Include="src\resources\Kanaxai.png">
      <Filter>resources</Filter>
    </Image>
    <Image Include="src\resources\Keep_Construct.png">
      <Filter>resources</Filter>
    </Image>
    <Image Include="src\resources\Kenutt.png">
      <Filter>resources</Filter>
    </Image>
    <Image Include="src\resources\Log_Hover.png">
      <Filter>resources</Filter>
    </Image>
    <Image Include="src\resources\Log_Normal.png">
      <Filter>resources</Filter>
    </Image>
    <Image Include="resources\MAMA.png">
      <Filter>resources</Filter>
    </Image>
    <Image Include="src\resources\MAMA.png">
      <Filter>resources</Filter>
    </Image>
    <Image Include="src\resources\Matthias.png">
      <Filter>resources</Filter>
    </Image>
    <Image Include="src\resources\Mursaat_Overseer.png">
      <Filter>resources</Filter>
    </Image>
    <Image Include="src\resources\Narella.png">
      <Filter>resources</Filter>
    </Image>
    <Image Include="resources\Narrela.png">
      <Filter>resources</Filter>
    </Image>
    <Image Include="src\resources\Narrela.png">
      <Filter>resources</Filter>
    </Image>
    <Image Include="src\resources\Nikare.png">
      <Filter>resources</Filter>
    </Image>
    <Image Include="src\resources\Qadim.png">
      <Filter>resources</Filter>
    </Image>
    <Image Include="src\resources\Qadim_The_Peerless.png">
      <Filter>resources</Filter>
    </Image>
    <Image Include="src\resources\River_Of_Souls.png">
      <Filter>resources</Filter>
    </Image>
    <Image Include="src\resources\Sabetha.png">
      <Filter>resources</Filter>
    </Image>
    <Image Include="src\resources\Sabir.png">
      <Filter>resources</Filter>
    </Image>
    <Image Include="src\resources\Samarog.png">
      <Filter>resources</Filter>
    </Image>
    <Image Include="resources\Siax.png">
      <Filter>resources</Filter>
    </Image>
    <Image Include="src\resources\Siax.png">
      <Filter>resources</Filter>
    </Image>
    <Image Include="resources\Skorvald.png">
      <Filter>resources</Filter>
    </Image>
    <Image Include="src\resources\Skorvald.png">
      <Filter>resources</Filter>
    </Image>
    <Image Include="src\resources\Slothasor.png">
      <Filter>resources</Filter>
    </Image>
    <Image Include="src\resources\Soulless_Horror.png">
      <Filter>resources</Filter>
    </Image>
    <Image Include="src\resources\Twisted_Castle.png">
      <Filter>resources</Filter>
    </Image>
    <Image Include="src\resources\Vale_Guardian.png">
      <Filter>resources</Filter>
    </Image>
    <Image Include="src\resources\Xera.png">
      <Filter>resources</Filter>
    </Image>
    <Image Include="resources\Zane.png">
      <Filter>resources</Filter>
    </Image>
    <Image Include="src\resources\Zane.png">
      <Filter>resources</Filter>
    </Image>
    <Image Include="resources\Ankka.png">
      <Filter>resources</Filter>
    </Image>
    <Image Include="src\resources\Ankka.png">
      <Filter>resources</Filter>
    </Image>
    <Image Include="resources\Boneskinner.png">
      <Filter>resources</Filter>
    </Image>
    <Image Include="src\resources\Boneskinner.png">
      <Filter>resources</Filter>
    </Image>
    <Image Include="resources\Captain_Mai_Trin.png">
      <Filter>resources</Filter>
    </Image>
    <Image Include="src\resources\Captain_Mai_Trin.png">
      <Filter>resources</Filter>
    </Image>
    <Image Include="resources\Cerus.png">
      <Filter>resources</Filter>
    </Image>
    <Image Include="src\resources\Cerus.png">
      <Filter>resources</Filter>
    </Image>
    <Image Include="resources\Dagda.png">
      <Filter>resources</Filter>
    </Image>
    <Image Include="src\resources\Dagda.png">
      <Filter>resources</Filter>
    </Image>
    <Image Include="resources\Fraenir_Of_Jormag.png">
      <Filter>resources</Filter>
    </Image>
    <Image Include="src\resources\Fraenir_Of_Jormag.png">
      <Filter>resources</Filter>
    </Image>
    <Image Include="resources\Freezie.png">
      <Filter>resources</Filter>
    </Image>
    <Image Include="src\resources\Freezie.png">
      <Filter>resources</Filter>
    </Image>
    <Image Include="resources\Harvest_Temple.png">
      <Filter>resources</Filter>
    </Image>
    <Image Include="src\resources\Harvest_Temple.png">
      <Filter>resources</Filter>
    </Image>
    <Image Include="resources\Icebrood_Construct.png">
      <Filter>resources</Filter>
    </Image>
    <Image Include="src\resources\Icebrood_Construct.png">
      <Filter>resources</Filter>
    </Image>
    <Image Include="resources\Kodans.png">
      <Filter>resources</Filter>
    </Image>
    <Image Include="src\resources\Kodans.png">
      <Filter>resources</Filter>
    </Image>
    <Image Include="resources\Minister_Li.png">
      <Filter>resources</Filter>
    </Image>
    <Image Include="src\resources\Minister_Li.png">
      <Filter>resources</Filter>
    </Image>
    <Image Include="resources\Watchknight_Mark_II.png">
      <Filter>resources</Filter>
    </Image>
    <Image Include="src\resources\Watchknight_Mark_II.png">
      <Filter>resources</Filter>
    </Image>
    <Image Include="resources\Whisper_of_Jormag.png">
      <Filter>resources</Filter>
    </Image>
    <Image Include="src\resources\Whisper_of_Jormag.png">
      <Filter>resources</Filter>
    </Image>
  </ItemGroup>
</Project>